
Microsoft Visual Studio Solution File, Format Version 12.00
# Visual Studio Version 16
VisualStudioVersion = 16.0.31624.102
MinimumVisualStudioVersion = 10.0.40219.1
Project("{9A19103F-16F7-4668-BE54-9A1E7A4F7556}") = "Promos", "project\Promos.csproj", "{56C2AF1E-8EFE-4435-8472-0E2E24C052CE}"
EndProject
Global
	GlobalSection(SolutionConfigurationPlatforms) = preSolution
		Debug|Any CPU = Debug|Any CPU
		Release|Any CPU = Release|Any CPU
	EndGlobalSection
	GlobalSection(ProjectConfigurationPlatforms) = postSolution
		{56C2AF1E-8EFE-4435-8472-0E2E24C052CE}.Debug|Any CPU.ActiveCfg = Debug|Any CPU
		{56C2AF1E-8EFE-4435-8472-0E2E24C052CE}.Debug|Any CPU.Build.0 = Debug|Any CPU
		{56C2AF1E-8EFE-4435-8472-0E2E24C052CE}.Release|Any CPU.ActiveCfg = Release|Any CPU
		{56C2AF1E-8EFE-4435-8472-0E2E24C052CE}.Release|Any CPU.Build.0 = Release|Any CPU
	EndGlobalSection
	GlobalSection(SolutionProperties) = preSolution
		HideSolutionNode = FALSE
	EndGlobalSection
	GlobalSection(ExtensibilityGlobals) = postSolution
		SolutionGuid = {29B0D89D-6CD4-44E7-98F6-32A1C2D09A3B}
	EndGlobalSection
EndGlobal
